{
  "lockfile-version": 1,
  "manifest": {
    "version": 1,
    "install": {
      "python313": {
        "pkg-path": "python313"
      },
      "uv": {
        "pkg-path": "uv"
      }
    },
    "hook": {},
    "profile": {},
    "options": {
      "systems": [
        "aarch64-darwin",
        "aarch64-linux",
        "x86_64-darwin",
        "x86_64-linux"
      ]
    }
  },
  "packages": [
    {
      "attr_path": "python313",
      "broken": false,
      "derivation": "/nix/store/q7j6rfh247fr6s1rhg4wax75bc1cccv6-python3-3.13.3.drv",
      "description": "High-level dynamically-typed programming language",
      "install_id": "python313",
      "license": "Python-2.0",
      "locked_url": "https://github.com/flox/nixpkgs?rev=9e83b64f727c88a7711a2c463a7b16eedb69a84c",
      "name": "python3-3.13.3",
      "pname": "python313",
      "rev": "9e83b64f727c88a7711a2c463a7b16eedb69a84c",
      "rev_count": 816272,
      "rev_date": "2025-06-17T04:31:58Z",
      "scrape_date": "2025-06-18T00:36:33.608630Z",
      "stabilities": [
        "unstable"
      ],
      "unfree": false,
      "version": "python3-3.13.3",
      "outputs_to_install": [
        "out"
      ],
      "outputs": {
        "out": "/nix/store/1a8xg8l3m67hxinxzzcsak9736qm9vsf-python3-3.13.3"
      },
      "system": "aarch64-darwin",
      "group": "toplevel",
      "priority": 5
    },
    {
      "attr_path": "python313",
      "broken": false,
      "derivation": "/nix/store/8dr2h5ldpw048f19k5izy11wi5mjxcik-python3-3.13.3.drv",
      "description": "High-level dynamically-typed programming language",
      "install_id": "python313",
      "license": "Python-2.0",
      "locked_url": "https://github.com/flox/nixpkgs?rev=9e83b64f727c88a7711a2c463a7b16eedb69a84c",
      "name": "python3-3.13.3",
      "pname": "python313",
      "rev": "9e83b64f727c88a7711a2c463a7b16eedb69a84c",
      "rev_count": 816272,
      "rev_date": "2025-06-17T04:31:58Z",
      "scrape_date": "2025-06-18T00:55:24.206617Z",
      "stabilities": [
        "unstable"
      ],
      "unfree": false,
      "version": "python3-3.13.3",
      "outputs_to_install": [
        "out"
      ],
      "outputs": {
        "debug": "/nix/store/42bxfqfrh8cwspl7szr0cw8739xv8qlq-python3-3.13.3-debug",
        "out": "/nix/store/yy0xvc2rydhrs0h1v8d7r3sql347xzz5-python3-3.13.3"
      },
      "system": "aarch64-linux",
      "group": "toplevel",
      "priority": 5
    },
    {
      "attr_path": "python313",
      "broken": false,
      "derivation": "/nix/store/8zwxhz199hb3bg144c11lpxbykdyzm60-python3-3.13.3.drv",
      "description": "High-level dynamically-typed programming language",
      "install_id": "python313",
      "license": "Python-2.0",
      "locked_url": "https://github.com/flox/nixpkgs?rev=9e83b64f727c88a7711a2c463a7b16eedb69a84c",
      "name": "python3-3.13.3",
      "pname": "python313",
      "rev": "9e83b64f727c88a7711a2c463a7b16eedb69a84c",
      "rev_count": 816272,
      "rev_date": "2025-06-17T04:31:58Z",
      "scrape_date": "2025-06-18T01:12:41.267021Z",
      "stabilities": [
        "unstable"
      ],
      "unfree": false,
      "version": "python3-3.13.3",
      "outputs_to_install": [
        "out"
      ],
      "outputs": {
        "out": "/nix/store/gbrigjhghz9v2p0zf9b2fnvs0g0yx7q4-python3-3.13.3"
      },
      "system": "x86_64-darwin",
      "group": "toplevel",
      "priority": 5
    },
    {
      "attr_path": "python313",
      "broken": false,
      "derivation": "/nix/store/2ay6dg9rpffhv5ir5bik9h1h0lp8zg6i-python3-3.13.3.drv",
      "description": "High-level dynamically-typed programming language",
      "install_id": "python313",
      "license": "Python-2.0",
      "locked_url": "https://github.com/flox/nixpkgs?rev=9e83b64f727c88a7711a2c463a7b16eedb69a84c",
      "name": "python3-3.13.3",
      "pname": "python313",
      "rev": "9e83b64f727c88a7711a2c463a7b16eedb69a84c",
      "rev_count": 816272,
      "rev_date": "2025-06-17T04:31:58Z",
      "scrape_date": "2025-06-18T01:33:08.013695Z",
      "stabilities": [
        "unstable"
      ],
      "unfree": false,
      "version": "python3-3.13.3",
      "outputs_to_install": [
        "out"
      ],
      "outputs": {
        "debug": "/nix/store/9z6k8ijl2md0y2n95yprbjj4vxbfsi15-python3-3.13.3-debug",
        "out": "/nix/store/2mab9iiwhcqwk75qwvp3zv0bvbiaq6cs-python3-3.13.3"
      },
      "system": "x86_64-linux",
      "group": "toplevel",
      "priority": 5
    },
    {
      "attr_path": "uv",
      "broken": false,
      "derivation": "/nix/store/isqz0gb01bzj059z0bkv7xn1nr7v6jy7-uv-0.7.13.drv",
      "description": "Extremely fast Python package installer and resolver, written in Rust",
      "install_id": "uv",
      "license": "[ Apache-2.0, MIT ]",
      "locked_url": "https://github.com/flox/nixpkgs?rev=9e83b64f727c88a7711a2c463a7b16eedb69a84c",
      "name": "uv-0.7.13",
      "pname": "uv",
      "rev": "9e83b64f727c88a7711a2c463a7b16eedb69a84c",
      "rev_count": 816272,
      "rev_date": "2025-06-17T04:31:58Z",
      "scrape_date": "2025-06-18T00:37:13.013800Z",
      "stabilities": [
        "unstable"
      ],
      "unfree": false,
      "version": "0.7.13",
      "outputs_to_install": [
        "out"
      ],
      "outputs": {
        "out": "/nix/store/60wl696zlnnj1sq1rkb3kxny5wzxirbi-uv-0.7.13"
      },
      "system": "aarch64-darwin",
      "group": "toplevel",
      "priority": 5
    },
    {
      "attr_path": "uv",
      "broken": false,
      "derivation": "/nix/store/ljqd9glziv06w0wj8m2xs0mjhb6w6nhf-uv-0.7.13.drv",
      "description": "Extremely fast Python package installer and resolver, written in Rust",
      "install_id": "uv",
      "license": "[ Apache-2.0, MIT ]",
      "locked_url": "https://github.com/flox/nixpkgs?rev=9e83b64f727c88a7711a2c463a7b16eedb69a84c",
      "name": "uv-0.7.13",
      "pname": "uv",
      "rev": "9e83b64f727c88a7711a2c463a7b16eedb69a84c",
      "rev_count": 816272,
      "rev_date": "2025-06-17T04:31:58Z",
      "scrape_date": "2025-06-18T00:56:19.858724Z",
      "stabilities": [
        "unstable"
      ],
      "unfree": false,
      "version": "0.7.13",
      "outputs_to_install": [
        "out"
      ],
      "outputs": {
        "out": "/nix/store/a4s894q0vdnkbx18r2prfyhl3xzf8lri-uv-0.7.13"
      },
      "system": "aarch64-linux",
      "group": "toplevel",
      "priority": 5
    },
    {
      "attr_path": "uv",
      "broken": false,
      "derivation": "/nix/store/3hqxyqzx3yd800hxwf28ly7kbr3zzx4h-uv-0.7.13.drv",
      "description": "Extremely fast Python package installer and resolver, written in Rust",
      "install_id": "uv",
      "license": "[ Apache-2.0, MIT ]",
      "locked_url": "https://github.com/flox/nixpkgs?rev=9e83b64f727c88a7711a2c463a7b16eedb69a84c",
      "name": "uv-0.7.13",
      "pname": "uv",
      "rev": "9e83b64f727c88a7711a2c463a7b16eedb69a84c",
      "rev_count": 816272,
      "rev_date": "2025-06-17T04:31:58Z",
      "scrape_date": "2025-06-18T01:13:21.804090Z",
      "stabilities": [
        "unstable"
      ],
      "unfree": false,
      "version": "0.7.13",
      "outputs_to_install": [
        "out"
      ],
      "outputs": {
        "out": "/nix/store/ma157b9bqjxrgwwc3s8lil9i1a3d5sh4-uv-0.7.13"
      },
      "system": "x86_64-darwin",
      "group": "toplevel",
      "priority": 5
    },
    {
      "attr_path": "uv",
      "broken": false,
      "derivation": "/nix/store/01xrb7kf441xiyrk5qkqrik8ggj1ali1-uv-0.7.13.drv",
      "description": "Extremely fast Python package installer and resolver, written in Rust",
      "install_id": "uv",
      "license": "[ Apache-2.0, MIT ]",
      "locked_url": "https://github.com/flox/nixpkgs?rev=9e83b64f727c88a7711a2c463a7b16eedb69a84c",
      "name": "uv-0.7.13",
      "pname": "uv",
      "rev": "9e83b64f727c88a7711a2c463a7b16eedb69a84c",
      "rev_count": 816272,
      "rev_date": "2025-06-17T04:31:58Z",
      "scrape_date": "2025-06-18T01:34:07.514180Z",
      "stabilities": [
        "unstable"
      ],
      "unfree": false,
      "version": "0.7.13",
      "outputs_to_install": [
        "out"
      ],
      "outputs": {
        "out": "/nix/store/xdr4fddncn2sz5asjrfls4ajpsw6j5qw-uv-0.7.13"
      },
      "system": "x86_64-linux",
      "group": "toplevel",
      "priority": 5
    }
  ]
}